
Microsoft Visual Studio Solution File, Format Version 12.00
# Visual Studio Version 17
VisualStudioVersion = 17.0.32126.317
MinimumVisualStudioVersion = 10.0.40219.1
Project("{FAE04EC0-301F-11D3-BF4B-00C04F79EFBC}") = "EFSoft.Authentication.Api", "EFSoft.Authentication.Api\EFSoft.Authentication.Api.csproj", "{2C0ED775-590E-4E5C-800C-3CE175E6135C}"
EndProject
Global
	GlobalSection(SolutionConfigurationPlatforms) = preSolution
		Debug|Any CPU = Debug|Any CPU
		Release|Any CPU = Release|Any CPU
	EndGlobalSection
	GlobalSection(ProjectConfigurationPlatforms) = postSolution
		{2C0ED775-590E-4E5C-800C-3CE175E6135C}.Debug|Any CPU.ActiveCfg = Debug|Any CPU
		{2C0ED775-590E-4E5C-800C-3CE175E6135C}.Debug|Any CPU.Build.0 = Debug|Any CPU
		{2C0ED775-590E-4E5C-800C-3CE175E6135C}.Release|Any CPU.ActiveCfg = Release|Any CPU
		{2C0ED775-590E-4E5C-800C-3CE175E6135C}.Release|Any CPU.Build.0 = Release|Any CPU
	EndGlobalSection
	GlobalSection(SolutionProperties) = preSolution
		HideSolutionNode = FALSE
	EndGlobalSection
	GlobalSection(ExtensibilityGlobals) = postSolution
		SolutionGuid = {94386D95-A937-48D2-A01D-A39B5586290F}
	EndGlobalSection
EndGlobal
